// !$*UTF8*$!
{
	archiveVersion = 1;
	classes = {
	};
	objectVersion = 56;
	objects = {

/* Begin PBXBuildFile section */
		69AA959629A2800A00EED0B5 /* binarry_rain_effectApp.swift in Sources */ = {isa = PBXBuildFile; fileRef = 69AA959529A2800A00EED0B5 /* binarry_rain_effectApp.swift */; };
		69AA959829A2800A00EED0B5 /* ContentView.swift in Sources */ = {isa = PBXBuildFile; fileRef = 69AA959729A2800A00EED0B5 /* ContentView.swift */; };
		69AA959A29A2800B00EED0B5 /* Assets.xcassets in Resources */ = {isa = PBXBuildFile; fileRef = 69AA959929A2800B00EED0B5 /* Assets.xcassets */; };
		69AA959D29A2800B00EED0B5 /* Preview Assets.xcassets in Resources */ = {isa = PBXBuildFile; fileRef = 69AA959C29A2800B00EED0B5 /* Preview Assets.xcassets */; };
		69AA95A729A2800B00EED0B5 /* binarry_rain_effectTests.swift in Sources */ = {isa = PBXBuildFile; fileRef = 69AA95A629A2800B00EED0B5 /* binarry_rain_effectTests.swift */; };
		69AA95B129A2800B00EED0B5 /* binarry_rain_effectUITests.swift in Sources */ = {isa = PBXBuildFile; fileRef = 69AA95B029A2800B00EED0B5 /* binarry_rain_effectUITests.swift */; };
		69AA95B329A2800B00EED0B5 /* binarry_rain_effectUITestsLaunchTests.swift in Sources */ = {isa = PBXBuildFile; fileRef = 69AA95B229A2800B00EED0B5 /* binarry_rain_effectUITestsLaunchTests.swift */; };
		69AA95C129A2804000EED0B5 /* RainView.swift in Sources */ = {isa = PBXBuildFile; fileRef = 69AA95C029A2804000EED0B5 /* RainView.swift */; };
/* End PBXBuildFile section */

/* Begin PBXContainerItemProxy section */
		69AA95A329A2800B00EED0B5 /* PBXContainerItemProxy */ = {
			isa = PBXContainerItemProxy;
			containerPortal = 69AA958A29A2800A00EED0B5 /* Project object */;
			proxyType = 1;
			remoteGlobalIDString = 69AA959129A2800A00EED0B5;
			remoteInfo = "binarry-rain-effect";
		};
		69AA95AD29A2800B00EED0B5 /* PBXContainerItemProxy */ = {
			isa = PBXContainerItemProxy;
			containerPortal = 69AA958A29A2800A00EED0B5 /* Project object */;
			proxyType = 1;
			remoteGlobalIDString = 69AA959129A2800A00EED0B5;
			remoteInfo = "binarry-rain-effect";
		};
/* End PBXContainerItemProxy section */

/* Begin PBXFileReference section */
		69AA959229A2800A00EED0B5 /* binarry-rain-effect.app */ = {isa = PBXFileReference; explicitFileType = wrapper.application; includeInIndex = 0; path = "binarry-rain-effect.app"; sourceTree = BUILT_PRODUCTS_DIR; };
		69AA959529A2800A00EED0B5 /* binarry_rain_effectApp.swift */ = {isa = PBXFileReference; lastKnownFileType = sourcecode.swift; path = binarry_rain_effectApp.swift; sourceTree = "<group>"; };
		69AA959729A2800A00EED0B5 /* ContentView.swift */ = {isa = PBXFileReference; lastKnownFileType = sourcecode.swift; path = ContentView.swift; sourceTree = "<group>"; };
		69AA959929A2800B00EED0B5 /* Assets.xcassets */ = {isa = PBXFileReference; lastKnownFileType = folder.assetcatalog; path = Assets.xcassets; sourceTree = "<group>"; };
		69AA959C29A2800B00EED0B5 /* Preview Assets.xcassets */ = {isa = PBXFileReference; lastKnownFileType = folder.assetcatalog; path = "Preview Assets.xcassets"; sourceTree = "<group>"; };
		69AA95A229A2800B00EED0B5 /* binarry-rain-effectTests.xctest */ = {isa = PBXFileReference; explicitFileType = wrapper.cfbundle; includeInIndex = 0; path = "binarry-rain-effectTests.xctest"; sourceTree = BUILT_PRODUCTS_DIR; };
		69AA95A629A2800B00EED0B5 /* binarry_rain_effectTests.swift */ = {isa = PBXFileReference; lastKnownFileType = sourcecode.swift; path = binarry_rain_effectTests.swift; sourceTree = "<group>"; };
		69AA95AC29A2800B00EED0B5 /* binarry-rain-effectUITests.xctest */ = {isa = PBXFileReference; explicitFileType = wrapper.cfbundle; includeInIndex = 0; path = "binarry-rain-effectUITests.xctest"; sourceTree = BUILT_PRODUCTS_DIR; };
		69AA95B029A2800B00EED0B5 /* binarry_rain_effectUITests.swift */ = {isa = PBXFileReference; lastKnownFileType = sourcecode.swift; path = binarry_rain_effectUITests.swift; sourceTree = "<group>"; };
		69AA95B229A2800B00EED0B5 /* binarry_rain_effectUITestsLaunchTests.swift */ = {isa = PBXFileReference; lastKnownFileType = sourcecode.swift; path = binarry_rain_effectUITestsLaunchTests.swift; sourceTree = "<group>"; };
		69AA95C029A2804000EED0B5 /* RainView.swift */ = {isa = PBXFileReference; lastKnownFileType = sourcecode.swift; path = RainView.swift; sourceTree = "<group>"; };
/* End PBXFileReference section */

/* Begin PBXFrameworksBuildPhase section */
		69AA958F29A2800A00EED0B5 /* Frameworks */ = {
			isa = PBXFrameworksBuildPhase;
			buildActionMask = 2147483647;
			files = (
			);
			runOnlyForDeploymentPostprocessing = 0;
		};
		69AA959F29A2800B00EED0B5 /* Frameworks */ = {
			isa = PBXFrameworksBuildPhase;
			buildActionMask = 2147483647;
			files = (
			);
			runOnlyForDeploymentPostprocessing = 0;
		};
		69AA95A929A2800B00EED0B5 /* Frameworks */ = {
			isa = PBXFrameworksBuildPhase;
			buildActionMask = 2147483647;
			files = (
			);
			runOnlyForDeploymentPostprocessing = 0;
		};
/* End PBXFrameworksBuildPhase section */

/* Begin PBXGroup section */
		69AA958929A2800A00EED0B5 = {
			isa = PBXGroup;
			children = (
				69AA959429A2800A00EED0B5 /* binarry-rain-effect */,
				69AA95A529A2800B00EED0B5 /* binarry-rain-effectTests */,
				69AA95AF29A2800B00EED0B5 /* binarry-rain-effectUITests */,
				69AA959329A2800A00EED0B5 /* Products */,
			);
			sourceTree = "<group>";
		};
		69AA959329A2800A00EED0B5 /* Products */ = {
			isa = PBXGroup;
			children = (
				69AA959229A2800A00EED0B5 /* binarry-rain-effect.app */,
				69AA95A229A2800B00EED0B5 /* binarry-rain-effectTests.xctest */,
				69AA95AC29A2800B00EED0B5 /* binarry-rain-effectUITests.xctest */,
			);
			name = Products;
			sourceTree = "<group>";
		};
		69AA959429A2800A00EED0B5 /* binarry-rain-effect */ = {
			isa = PBXGroup;
			children = (
				69AA95BF29A2802800EED0B5 /* view */,
				69AA959529A2800A00EED0B5 /* binarry_rain_effectApp.swift */,
				69AA959729A2800A00EED0B5 /* ContentView.swift */,
				69AA959929A2800B00EED0B5 /* Assets.xcassets */,
				69AA959B29A2800B00EED0B5 /* Preview Content */,
			);
			path = "binarry-rain-effect";
			sourceTree = "<group>";
		};
		69AA959B29A2800B00EED0B5 /* Preview Content */ = {
			isa = PBXGroup;
			children = (
				69AA959C29A2800B00EED0B5 /* Preview Assets.xcassets */,
			);
			path = "Preview Content";
			sourceTree = "<group>";
		};
		69AA95A529A2800B00EED0B5 /* binarry-rain-effectTests */ = {
			isa = PBXGroup;
			children = (
				69AA95A629A2800B00EED0B5 /* binarry_rain_effectTests.swift */,
			);
			path = "binarry-rain-effectTests";
			sourceTree = "<group>";
		};
		69AA95AF29A2800B00EED0B5 /* binarry-rain-effectUITests */ = {
			isa = PBXGroup;
			children = (
				69AA95B029A2800B00EED0B5 /* binarry_rain_effectUITests.swift */,
				69AA95B229A2800B00EED0B5 /* binarry_rain_effectUITestsLaunchTests.swift */,
			);
			path = "binarry-rain-effectUITests";
			sourceTree = "<group>";
		};
		69AA95BF29A2802800EED0B5 /* view */ = {
			isa = PBXGroup;
			children = (
				69AA95C029A2804000EED0B5 /* RainView.swift */,
			);
			path = view;
			sourceTree = "<group>";
		};
/* End PBXGroup section */

/* Begin PBXNativeTarget section */
		69AA959129A2800A00EED0B5 /* binarry-rain-effect */ = {
			isa = PBXNativeTarget;
			buildConfigurationList = 69AA95B629A2800B00EED0B5 /* Build configuration list for PBXNativeTarget "binarry-rain-effect" */;
			buildPhases = (
				69AA958E29A2800A00EED0B5 /* Sources */,
				69AA958F29A2800A00EED0B5 /* Frameworks */,
				69AA959029A2800A00EED0B5 /* Resources */,
			);
			buildRules = (
			);
			dependencies = (
			);
			name = "binarry-rain-effect";
			productName = "binarry-rain-effect";
			productReference = 69AA959229A2800A00EED0B5 /* binarry-rain-effect.app */;
			productType = "com.apple.product-type.application";
		};
		69AA95A129A2800B00EED0B5 /* binarry-rain-effectTests */ = {
			isa = PBXNativeTarget;
			buildConfigurationList = 69AA95B929A2800B00EED0B5 /* Build configuration list for PBXNativeTarget "binarry-rain-effectTests" */;
			buildPhases = (
				69AA959E29A2800B00EED0B5 /* Sources */,
				69AA959F29A2800B00EED0B5 /* Frameworks */,
				69AA95A029A2800B00EED0B5 /* Resources */,
			);
			buildRules = (
			);
			dependencies = (
				69AA95A429A2800B00EED0B5 /* PBXTargetDependency */,
			);
			name = "binarry-rain-effectTests";
			productName = "binarry-rain-effectTests";
			productReference = 69AA95A229A2800B00EED0B5 /* binarry-rain-effectTests.xctest */;
			productType = "com.apple.product-type.bundle.unit-test";
		};
		69AA95AB29A2800B00EED0B5 /* binarry-rain-effectUITests */ = {
			isa = PBXNativeTarget;
			buildConfigurationList = 69AA95BC29A2800B00EED0B5 /* Build configuration list for PBXNativeTarget "binarry-rain-effectUITests" */;
			buildPhases = (
				69AA95A829A2800B00EED0B5 /* Sources */,
				69AA95A929A2800B00EED0B5 /* Frameworks */,
				69AA95AA29A2800B00EED0B5 /* Resources */,
			);
			buildRules = (
			);
			dependencies = (
				69AA95AE29A2800B00EED0B5 /* PBXTargetDependency */,
			);
			name = "binarry-rain-effectUITests";
			productName = "binarry-rain-effectUITests";
			productReference = 69AA95AC29A2800B00EED0B5 /* binarry-rain-effectUITests.xctest */;
			productType = "com.apple.product-type.bundle.ui-testing";
		};
/* End PBXNativeTarget section */

/* Begin PBXProject section */
		69AA958A29A2800A00EED0B5 /* Project object */ = {
			isa = PBXProject;
			attributes = {
				BuildIndependentTargetsInParallel = 1;
				LastSwiftUpdateCheck = 1420;
				LastUpgradeCheck = 1420;
				TargetAttributes = {
					69AA959129A2800A00EED0B5 = {
						CreatedOnToolsVersion = 14.2;
					};
					69AA95A129A2800B00EED0B5 = {
						CreatedOnToolsVersion = 14.2;
						TestTargetID = 69AA959129A2800A00EED0B5;
					};
					69AA95AB29A2800B00EED0B5 = {
						CreatedOnToolsVersion = 14.2;
						TestTargetID = 69AA959129A2800A00EED0B5;
					};
				};
			};
			buildConfigurationList = 69AA958D29A2800A00EED0B5 /* Build configuration list for PBXProject "binarry-rain-effect" */;
			compatibilityVersion = "Xcode 14.0";
			developmentRegion = en;
			hasScannedForEncodings = 0;
			knownRegions = (
				en,
				Base,
			);
			mainGroup = 69AA958929A2800A00EED0B5;
			productRefGroup = 69AA959329A2800A00EED0B5 /* Products */;
			projectDirPath = "";
			projectRoot = "";
			targets = (
				69AA959129A2800A00EED0B5 /* binarry-rain-effect */,
				69AA95A129A2800B00EED0B5 /* binarry-rain-effectTests */,
				69AA95AB29A2800B00EED0B5 /* binarry-rain-effectUITests */,
			);
		};
/* End PBXProject section */

/* Begin PBXResourcesBuildPhase section */
		69AA959029A2800A00EED0B5 /* Resources */ = {
			isa = PBXResourcesBuildPhase;
			buildActionMask = 2147483647;
			files = (
				69AA959D29A2800B00EED0B5 /* Preview Assets.xcassets in Resources */,
				69AA959A29A2800B00EED0B5 /* Assets.xcassets in Resources */,
			);
			runOnlyForDeploymentPostprocessing = 0;
		};
		69AA95A029A2800B00EED0B5 /* Resources */ = {
			isa = PBXResourcesBuildPhase;
			buildActionMask = 2147483647;
			files = (
			);
			runOnlyForDeploymentPostprocessing = 0;
		};
		69AA95AA29A2800B00EED0B5 /* Resources */ = {
			isa = PBXResourcesBuildPhase;
			buildActionMask = 2147483647;
			files = (
			);
			runOnlyForDeploymentPostprocessing = 0;
		};
/* End PBXResourcesBuildPhase section */

/* Begin PBXSourcesBuildPhase section */
		69AA958E29A2800A00EED0B5 /* Sources */ = {
			isa = PBXSourcesBuildPhase;
			buildActionMask = 2147483647;
			files = (
				69AA95C129A2804000EED0B5 /* RainView.swift in Sources */,
				69AA959829A2800A00EED0B5 /* ContentView.swift in Sources */,
				69AA959629A2800A00EED0B5 /* binarry_rain_effectApp.swift in Sources */,
			);
			runOnlyForDeploymentPostprocessing = 0;
		};
		69AA959E29A2800B00EED0B5 /* Sources */ = {
			isa = PBXSourcesBuildPhase;
			buildActionMask = 2147483647;
			files = (
				69AA95A729A2800B00EED0B5 /* binarry_rain_effectTests.swift in Sources */,
			);
			runOnlyForDeploymentPostprocessing = 0;
		};
		69AA95A829A2800B00EED0B5 /* Sources */ = {
			isa = PBXSourcesBuildPhase;
			buildActionMask = 2147483647;
			files = (
				69AA95B129A2800B00EED0B5 /* binarry_rain_effectUITests.swift in Sources */,
				69AA95B329A2800B00EED0B5 /* binarry_rain_effectUITestsLaunchTests.swift in Sources */,
			);
			runOnlyForDeploymentPostprocessing = 0;
		};
/* End PBXSourcesBuildPhase section */

/* Begin PBXTargetDependency section */
		69AA95A429A2800B00EED0B5 /* PBXTargetDependency */ = {
			isa = PBXTargetDependency;
			target = 69AA959129A2800A00EED0B5 /* binarry-rain-effect */;
			targetProxy = 69AA95A329A2800B00EED0B5 /* PBXContainerItemProxy */;
		};
		69AA95AE29A2800B00EED0B5 /* PBXTargetDependency */ = {
			isa = PBXTargetDependency;
			target = 69AA959129A2800A00EED0B5 /* binarry-rain-effect */;
			targetProxy = 69AA95AD29A2800B00EED0B5 /* PBXContainerItemProxy */;
		};
/* End PBXTargetDependency section */

/* Begin XCBuildConfiguration section */
		69AA95B429A2800B00EED0B5 /* Debug */ = {
			isa = XCBuildConfiguration;
			buildSettings = {
				ALWAYS_SEARCH_USER_PATHS = NO;
				CLANG_ANALYZER_NONNULL = YES;
				CLANG_ANALYZER_NUMBER_OBJECT_CONVERSION = YES_AGGRESSIVE;
				CLANG_CXX_LANGUAGE_STANDARD = "gnu++20";
				CLANG_ENABLE_MODULES = YES;
				CLANG_ENABLE_OBJC_ARC = YES;
				CLANG_ENABLE_OBJC_WEAK = YES;
				CLANG_WARN_BLOCK_CAPTURE_AUTORELEASING = YES;
				CLANG_WARN_BOOL_CONVERSION = YES;
				CLANG_WARN_COMMA = YES;
				CLANG_WARN_CONSTANT_CONVERSION = YES;
				CLANG_WARN_DEPRECATED_OBJC_IMPLEMENTATIONS = YES;
				CLANG_WARN_DIRECT_OBJC_ISA_USAGE = YES_ERROR;
				CLANG_WARN_DOCUMENTATION_COMMENTS = YES;
				CLANG_WARN_EMPTY_BODY = YES;
				CLANG_WARN_ENUM_CONVERSION = YES;
				CLANG_WARN_INFINITE_RECURSION = YES;
				CLANG_WARN_INT_CONVERSION = YES;
				CLANG_WARN_NON_LITERAL_NULL_CONVERSION = YES;
				CLANG_WARN_OBJC_IMPLICIT_RETAIN_SELF = YES;
				CLANG_WARN_OBJC_LITERAL_CONVERSION = YES;
				CLANG_WARN_OBJC_ROOT_CLASS = YES_ERROR;
				CLANG_WARN_QUOTED_INCLUDE_IN_FRAMEWORK_HEADER = YES;
				CLANG_WARN_RANGE_LOOP_ANALYSIS = YES;
				CLANG_WARN_STRICT_PROTOTYPES = YES;
				CLANG_WARN_SUSPICIOUS_MOVE = YES;
				CLANG_WARN_UNGUARDED_AVAILABILITY = YES_AGGRESSIVE;
				CLANG_WARN_UNREACHABLE_CODE = YES;
				CLANG_WARN__DUPLICATE_METHOD_MATCH = YES;
				COPY_PHASE_STRIP = NO;
				DEBUG_INFORMATION_FORMAT = dwarf;
				ENABLE_STRICT_OBJC_MSGSEND = YES;
				ENABLE_TESTABILITY = YES;
				GCC_C_LANGUAGE_STANDARD = gnu11;
				GCC_DYNAMIC_NO_PIC = NO;
				GCC_NO_COMMON_BLOCKS = YES;
				GCC_OPTIMIZATION_LEVEL = 0;
				GCC_PREPROCESSOR_DEFINITIONS = (
					"DEBUG=1",
					"$(inherited)",
				);
				GCC_WARN_64_TO_32_BIT_CONVERSION = YES;
				GCC_WARN_ABOUT_RETURN_TYPE = YES_ERROR;
				GCC_WARN_UNDECLARED_SELECTOR = YES;
				GCC_WARN_UNINITIALIZED_AUTOS = YES_AGGRESSIVE;
				GCC_WARN_UNUSED_FUNCTION = YES;
				GCC_WARN_UNUSED_VARIABLE = YES;
				IPHONEOS_DEPLOYMENT_TARGET = 16.2;
				MTL_ENABLE_DEBUG_INFO = INCLUDE_SOURCE;
				MTL_FAST_MATH = YES;
				ONLY_ACTIVE_ARCH = YES;
				SDKROOT = iphoneos;
				SWIFT_ACTIVE_COMPILATION_CONDITIONS = DEBUG;
				SWIFT_OPTIMIZATION_LEVEL = "-Onone";
			};
			name = Debug;
		};
		69AA95B529A2800B00EED0B5 /* Release */ = {
			isa = XCBuildConfiguration;
			buildSettings = {
				ALWAYS_SEARCH_USER_PATHS = NO;
				CLANG_ANALYZER_NONNULL = YES;
				CLANG_ANALYZER_NUMBER_OBJECT_CONVERSION = YES_AGGRESSIVE;
				CLANG_CXX_LANGUAGE_STANDARD = "gnu++20";
				CLANG_ENABLE_MODULES = YES;
				CLANG_ENABLE_OBJC_ARC = YES;
				CLANG_ENABLE_OBJC_WEAK = YES;
				CLANG_WARN_BLOCK_CAPTURE_AUTORELEASING = YES;
				CLANG_WARN_BOOL_CONVERSION = YES;
				CLANG_WARN_COMMA = YES;
				CLANG_WARN_CONSTANT_CONVERSION = YES;
				CLANG_WARN_DEPRECATED_OBJC_IMPLEMENTATIONS = YES;
				CLANG_WARN_DIRECT_OBJC_ISA_USAGE = YES_ERROR;
				CLANG_WARN_DOCUMENTATION_COMMENTS = YES;
				CLANG_WARN_EMPTY_BODY = YES;
				CLANG_WARN_ENUM_CONVERSION = YES;
				CLANG_WARN_INFINITE_RECURSION = YES;
				CLANG_WARN_INT_CONVERSION = YES;
				CLANG_WARN_NON_LITERAL_NULL_CONVERSION = YES;
				CLANG_WARN_OBJC_IMPLICIT_RETAIN_SELF = YES;
				CLANG_WARN_OBJC_LITERAL_CONVERSION = YES;
				CLANG_WARN_OBJC_ROOT_CLASS = YES_ERROR;
				CLANG_WARN_QUOTED_INCLUDE_IN_FRAMEWORK_HEADER = YES;
				CLANG_WARN_RANGE_LOOP_ANALYSIS = YES;
				CLANG_WARN_STRICT_PROTOTYPES = YES;
				CLANG_WARN_SUSPICIOUS_MOVE = YES;
				CLANG_WARN_UNGUARDED_AVAILABILITY = YES_AGGRESSIVE;
				CLANG_WARN_UNREACHABLE_CODE = YES;
				CLANG_WARN__DUPLICATE_METHOD_MATCH = YES;
				COPY_PHASE_STRIP = NO;
				DEBUG_INFORMATION_FORMAT = "dwarf-with-dsym";
				ENABLE_NS_ASSERTIONS = NO;
				ENABLE_STRICT_OBJC_MSGSEND = YES;
				GCC_C_LANGUAGE_STANDARD = gnu11;
				GCC_NO_COMMON_BLOCKS = YES;
				GCC_WARN_64_TO_32_BIT_CONVERSION = YES;
				GCC_WARN_ABOUT_RETURN_TYPE = YES_ERROR;
				GCC_WARN_UNDECLARED_SELECTOR = YES;
				GCC_WARN_UNINITIALIZED_AUTOS = YES_AGGRESSIVE;
				GCC_WARN_UNUSED_FUNCTION = YES;
				GCC_WARN_UNUSED_VARIABLE = YES;
				IPHONEOS_DEPLOYMENT_TARGET = 16.2;
				MTL_ENABLE_DEBUG_INFO = NO;
				MTL_FAST_MATH = YES;
				SDKROOT = iphoneos;
				SWIFT_COMPILATION_MODE = wholemodule;
				SWIFT_OPTIMIZATION_LEVEL = "-O";
				VALIDATE_PRODUCT = YES;
			};
			name = Release;
		};
		69AA95B729A2800B00EED0B5 /* Debug */ = {
			isa = XCBuildConfiguration;
			buildSettings = {
				ASSETCATALOG_COMPILER_APPICON_NAME = AppIcon;
				ASSETCATALOG_COMPILER_GLOBAL_ACCENT_COLOR_NAME = AccentColor;
				CODE_SIGN_STYLE = Automatic;
				CURRENT_PROJECT_VERSION = 1;
				DEVELOPMENT_ASSET_PATHS = "\"binarry-rain-effect/Preview Content\"";
				ENABLE_PREVIEWS = YES;
				GENERATE_INFOPLIST_FILE = YES;
				INFOPLIST_KEY_UIApplicationSceneManifest_Generation = YES;
				INFOPLIST_KEY_UIApplicationSupportsIndirectInputEvents = YES;
				INFOPLIST_KEY_UILaunchScreen_Generation = YES;
				INFOPLIST_KEY_UISupportedInterfaceOrientations_iPad = "UIInterfaceOrientationPortrait UIInterfaceOrientationPortraitUpsideDown UIInterfaceOrientationLandscapeLeft UIInterfaceOrientationLandscapeRight";
				INFOPLIST_KEY_UISupportedInterfaceOrientations_iPhone = "UIInterfaceOrientationPortrait UIInterfaceOrientationLandscapeLeft UIInterfaceOrientationLandscapeRight";
				LD_RUNPATH_SEARCH_PATHS = (
					"$(inherited)",
					"@executable_path/Frameworks",
				);
				MARKETING_VERSION = 1.0;
				PRODUCT_BUNDLE_IDENTIFIER = "Nick-Theodoridis.binarry-rain-effect";
				PRODUCT_NAME = "$(TARGET_NAME)";
				SWIFT_EMIT_LOC_STRINGS = YES;
				SWIFT_VERSION = 5.0;
				TARGETED_DEVICE_FAMILY = "1,2";
			};
			name = Debug;
		};
		69AA95B829A2800B00EED0B5 /* Release */ = {
			isa = XCBuildConfiguration;
			buildSettings = {
				ASSETCATALOG_COMPILER_APPICON_NAME = AppIcon;
				ASSETCATALOG_COMPILER_GLOBAL_ACCENT_COLOR_NAME = AccentColor;
				CODE_SIGN_STYLE = Automatic;
				CURRENT_PROJECT_VERSION = 1;
				DEVELOPMENT_ASSET_PATHS = "\"binarry-rain-effect/Preview Content\"";
				ENABLE_PREVIEWS = YES;
				GENERATE_INFOPLIST_FILE = YES;
				INFOPLIST_KEY_UIApplicationSceneManifest_Generation = YES;
				INFOPLIST_KEY_UIApplicationSupportsIndirectInputEvents = YES;
				INFOPLIST_KEY_UILaunchScreen_Generation = YES;
				INFOPLIST_KEY_UISupportedInterfaceOrientations_iPad = "UIInterfaceOrientationPortrait UIInterfaceOrientationPortraitUpsideDown UIInterfaceOrientationLandscapeLeft UIInterfaceOrientationLandscapeRight";
				INFOPLIST_KEY_UISupportedInterfaceOrientations_iPhone = "UIInterfaceOrientationPortrait UIInterfaceOrientationLandscapeLeft UIInterfaceOrientationLandscapeRight";
				LD_RUNPATH_SEARCH_PATHS = (
					"$(inherited)",
					"@executable_path/Frameworks",
				);
				MARKETING_VERSION = 1.0;
				PRODUCT_BUNDLE_IDENTIFIER = "Nick-Theodoridis.binarry-rain-effect";
				PRODUCT_NAME = "$(TARGET_NAME)";
				SWIFT_EMIT_LOC_STRINGS = YES;
				SWIFT_VERSION = 5.0;
				TARGETED_DEVICE_FAMILY = "1,2";
			};
			name = Release;
		};
		69AA95BA29A2800B00EED0B5 /* Debug */ = {
			isa = XCBuildConfiguration;
			buildSettings = {
				ALWAYS_EMBED_SWIFT_STANDARD_LIBRARIES = YES;
				BUNDLE_LOADER = "$(TEST_HOST)";
				CODE_SIGN_STYLE = Automatic;
				CURRENT_PROJECT_VERSION = 1;
				GENERATE_INFOPLIST_FILE = YES;
				IPHONEOS_DEPLOYMENT_TARGET = 16.2;
				MARKETING_VERSION = 1.0;
				PRODUCT_BUNDLE_IDENTIFIER = "Nick-Theodoridis.binarry-rain-effectTests";
				PRODUCT_NAME = "$(TARGET_NAME)";
				SWIFT_EMIT_LOC_STRINGS = NO;
				SWIFT_VERSION = 5.0;
				TARGETED_DEVICE_FAMILY = "1,2";
				TEST_HOST = "$(BUILT_PRODUCTS_DIR)/binarry-rain-effect.app/$(BUNDLE_EXECUTABLE_FOLDER_PATH)/binarry-rain-effect";
			};
			name = Debug;
		};
		69AA95BB29A2800B00EED0B5 /* Release */ = {
			isa = XCBuildConfiguration;
			buildSettings = {
				ALWAYS_EMBED_SWIFT_STANDARD_LIBRARIES = YES;
				BUNDLE_LOADER = "$(TEST_HOST)";
				CODE_SIGN_STYLE = Automatic;
				CURRENT_PROJECT_VERSION = 1;
				GENERATE_INFOPLIST_FILE = YES;
				IPHONEOS_DEPLOYMENT_TARGET = 16.2;
				MARKETING_VERSION = 1.0;
				PRODUCT_BUNDLE_IDENTIFIER = "Nick-Theodoridis.binarry-rain-effectTests";
				PRODUCT_NAME = "$(TARGET_NAME)";
				SWIFT_EMIT_LOC_STRINGS = NO;
				SWIFT_VERSION = 5.0;
				TARGETED_DEVICE_FAMILY = "1,2";
				TEST_HOST = "$(BUILT_PRODUCTS_DIR)/binarry-rain-effect.app/$(BUNDLE_EXECUTABLE_FOLDER_PATH)/binarry-rain-effect";
			};
			name = Release;
		};
		69AA95BD29A2800B00EED0B5 /* Debug */ = {
			isa = XCBuildConfiguration;
			buildSettings = {
				ALWAYS_EMBED_SWIFT_STANDARD_LIBRARIES = YES;
				CODE_SIGN_STYLE = Automatic;
				CURRENT_PROJECT_VERSION = 1;
				GENERATE_INFOPLIST_FILE = YES;
				MARKETING_VERSION = 1.0;
				PRODUCT_BUNDLE_IDENTIFIER = "Nick-Theodoridis.binarry-rain-effectUITests";
				PRODUCT_NAME = "$(TARGET_NAME)";
				SWIFT_EMIT_LOC_STRINGS = NO;
				SWIFT_VERSION = 5.0;
				TARGETED_DEVICE_FAMILY = "1,2";
				TEST_TARGET_NAME = "binarry-rain-effect";
			};
			name = Debug;
		};
		69AA95BE29A2800B00EED0B5 /* Release */ = {
			isa = XCBuildConfiguration;
			buildSettings = {
				ALWAYS_EMBED_SWIFT_STANDARD_LIBRARIES = YES;
				CODE_SIGN_STYLE = Automatic;
				CURRENT_PROJECT_VERSION = 1;
				GENERATE_INFOPLIST_FILE = YES;
				MARKETING_VERSION = 1.0;
				PRODUCT_BUNDLE_IDENTIFIER = "Nick-Theodoridis.binarry-rain-effectUITests";
				PRODUCT_NAME = "$(TARGET_NAME)";
				SWIFT_EMIT_LOC_STRINGS = NO;
				SWIFT_VERSION = 5.0;
				TARGETED_DEVICE_FAMILY = "1,2";
				TEST_TARGET_NAME = "binarry-rain-effect";
			};
			name = Release;
		};
/* End XCBuildConfiguration section */

/* Begin XCConfigurationList section */
		69AA958D29A2800A00EED0B5 /* Build configuration list for PBXProject "binarry-rain-effect" */ = {
			isa = XCConfigurationList;
			buildConfigurations = (
				69AA95B429A2800B00EED0B5 /* Debug */,
				69AA95B529A2800B00EED0B5 /* Release */,
			);
			defaultConfigurationIsVisible = 0;
			defaultConfigurationName = Release;
		};
		69AA95B629A2800B00EED0B5 /* Build configuration list for PBXNativeTarget "binarry-rain-effect" */ = {
			isa = XCConfigurationList;
			buildConfigurations = (
				69AA95B729A2800B00EED0B5 /* Debug */,
				69AA95B829A2800B00EED0B5 /* Release */,
			);
			defaultConfigurationIsVisible = 0;
			defaultConfigurationName = Release;
		};
		69AA95B929A2800B00EED0B5 /* Build configuration list for PBXNativeTarget "binarry-rain-effectTests" */ = {
			isa = XCConfigurationList;
			buildConfigurations = (
				69AA95BA29A2800B00EED0B5 /* Debug */,
				69AA95BB29A2800B00EED0B5 /* Release */,
			);
			defaultConfigurationIsVisible = 0;
			defaultConfigurationName = Release;
		};
		69AA95BC29A2800B00EED0B5 /* Build configuration list for PBXNativeTarget "binarry-rain-effectUITests" */ = {
			isa = XCConfigurationList;
			buildConfigurations = (
				69AA95BD29A2800B00EED0B5 /* Debug */,
				69AA95BE29A2800B00EED0B5 /* Release */,
			);
			defaultConfigurationIsVisible = 0;
			defaultConfigurationName = Release;
		};
/* End XCConfigurationList section */
	};
	rootObject = 69AA958A29A2800A00EED0B5 /* Project object */;
}
